
Microsoft Visual Studio Solution File, Format Version 12.00
# Visual Studio Version 16
VisualStudioVersion = 16.0.30907.101
MinimumVisualStudioVersion = 10.0.40219.1
Project("{FAE04EC0-301F-11D3-BF4B-00C04F79EFBC}") = "RoomVision", "RoomVision.csproj", "{23559E4F-D157-476F-9030-2A33F109B3D8}"
EndProject
Global
	GlobalSection(SolutionConfigurationPlatforms) = preSolution
		Debug|Any CPU = Debug|Any CPU
		Release|Any CPU = Release|Any CPU
	EndGlobalSection
	GlobalSection(ProjectConfigurationPlatforms) = postSolution
		{23559E4F-D157-476F-9030-2A33F109B3D8}.Debug|Any CPU.ActiveCfg = Debug|Any CPU
		{23559E4F-D157-476F-9030-2A33F109B3D8}.Debug|Any CPU.Build.0 = Debug|Any CPU
		{23559E4F-D157-476F-9030-2A33F109B3D8}.Release|Any CPU.ActiveCfg = Release|Any CPU
		{23559E4F-D157-476F-9030-2A33F109B3D8}.Release|Any CPU.Build.0 = Release|Any CPU
	EndGlobalSection
	GlobalSection(SolutionProperties) = preSolution
		HideSolutionNode = FALSE
	EndGlobalSection
	GlobalSection(ExtensibilityGlobals) = postSolution
		SolutionGuid = {30E9513D-4603-4326-B2D7-A7328E341699}
	EndGlobalSection
EndGlobal
